{
  "name": "akashic-hover-plugin-200-compile-error-test",
  "version": "0.0.1",
  "lockfileVersion": 1,
  "requires": true,
  "dependencies": {
    "@akashic-extension/akashic-hover-plugin": {
      "version": "2.0.0",
      "resolved": "https://registry.npmjs.org/@akashic-extension/akashic-hover-plugin/-/akashic-hover-plugin-2.0.0.tgz",
      "integrity": "sha512-KfcRtC0NUX50Wif2Tixj3EXLFgqvUzY5OBzEvxTrO8hKkrdZo5jBt2VBpXnlHQj7bYP8coWr+HugcAKr5xI7zQ==",
      "requires": {
        "@akashic/akashic-engine": "~2.4.11"
      }
    },
    "@akashic/akashic-engine": {
      "version": "2.4.14",
      "resolved": "https://registry.npmjs.org/@akashic/akashic-engine/-/akashic-engine-2.4.14.tgz",
      "integrity": "sha512-8bv4c1yWFydclFaiz41+XP7GdiI+gJxT1hVb0QZ1ZodSJQG198Oxj0SpeFq+rvDT7ysiUPx9Xg9LhcgMUy5SQA=="
    },
    "@types/node": {
      "version": "12.0.4",
      "resolved": "https://registry.npmjs.org/@types/node/-/node-12.0.4.tgz",
      "integrity": "sha512-j8YL2C0fXq7IONwl/Ud5Kt0PeXw22zGERt+HSSnwbKOJVsAGkEz3sFCYwaF9IOuoG1HOtE0vKCj6sXF7Q0+Vaw==",
      "dev": true
    },
    "typescript": {
      "version": "3.5.1",
      "resolved": "https://registry.npmjs.org/typescript/-/typescript-3.5.1.tgz",
      "integrity": "sha512-64HkdiRv1yYZsSe4xC1WVgamNigVYjlssIoaH2HcZF0+ijsk5YK2g0G34w9wJkze8+5ow4STd22AynfO6ZYYLw==",
      "dev": true
    }
  }
}
